Microsoft Visual Studio Solution File, Format Version 11.00
# Visual Studio 2008

Project("{6EB58EE5-8874-680A-7A3F-B8FA603C27B9}") = "MazeR", "Assembly-CSharp.csproj", "{BF3EE829-5DC4-9E3D-7FE2-4505A7057CE1}"
EndProject
Global
	GlobalSection(SolutionConfigurationPlatforms) = preSolution
		Debug|Any CPU = Debug|Any CPU
		Release|Any CPU = Release|Any CPU
	EndGlobalSection
	GlobalSection(ProjectConfigurationPlatforms) = postSolution
		{BF3EE829-5DC4-9E3D-7FE2-4505A7057CE1}.Debug|Any CPU.ActiveCfg = Debug|Any CPU
		{BF3EE829-5DC4-9E3D-7FE2-4505A7057CE1}.Debug|Any CPU.Build.0 = Debug|Any CPU
		{BF3EE829-5DC4-9E3D-7FE2-4505A7057CE1}.Release|Any CPU.ActiveCfg = Release|Any CPU
		{BF3EE829-5DC4-9E3D-7FE2-4505A7057CE1}.Release|Any CPU.Build.0 = Release|Any CPU
	EndGlobalSection
	GlobalSection(SolutionProperties) = preSolution
		HideSolutionNode = FALSE
	EndGlobalSection
	GlobalSection(MonoDevelopProperties) = preSolution
		StartupItem = Assembly-CSharp.csproj
	EndGlobalSection
EndGlobal
